# This file is automatically @generated by Poetry 1.8.3 and should not be changed by hand.

[[package]]
name = "bottle"
version = "0.12.25"
description = "Fast and simple WSGI-framework for small web-applications."
optional = false
python-versions = "*"
files = [
    {file = "bottle-0.12.25-py3-none-any.whl", hash = "sha256:d6f15f9d422670b7c073d63bd8d287b135388da187a0f3e3c19293626ce034ea"},
    {file = "bottle-0.12.25.tar.gz", hash = "sha256:e1a9c94970ae6d710b3fb4526294dfeb86f2cb4a81eff3a4b98dc40fb0e5e021"},
]

[[package]]
name = "ibis"
version = "3.3.0"
description = "A template engine for people who enjoy the simpler things in life."
optional = false
python-versions = ">=3.8"
files = [
    {file = "ibis-3.3.0-py3-none-any.whl", hash = "sha256:9e93aa77c28dc797b03805c794964be341eab859552a016ae8a5deafb5160d75"},
    {file = "ibis-3.3.0.tar.gz", hash = "sha256:bb6d74a46c101aaeee0a98ee4da2bac78d6d5abd96a9a2954fb25c1ce6762ec2"},
]

[metadata]
lock-version = "2.0"
python-versions = "^3.12"
content-hash = "df1a6e60498e346d5c70e5680f572afdf54220c99de9b7856e46df942ccaa8fb"
